
Microsoft Visual Studio Solution File, Format Version 12.00
# Visual Studio Version 17
VisualStudioVersion = 17.4.33213.308
MinimumVisualStudioVersion = 10.0.40219.1
Project("{9A19103F-16F7-4668-BE54-9A1E7A4F7556}") = "Res.Tests", "Res.Tests\Res.Tests.csproj", "{31D6048F-5C69-4B04-86E1-4A51385743A7}"
EndProject
Project("{2150E333-8FDC-42A3-9474-1A3956D46DE8}") = "Solution Items", "Solution Items", "{6B88E081-FAC0-4508-87ED-810E0C3AF798}"
	ProjectSection(SolutionItems) = preProject
		.editorconfig = .editorconfig
		README.md = README.md
	EndProjectSection
EndProject
Project("{9A19103F-16F7-4668-BE54-9A1E7A4F7556}") = "Res.Application", "Res.Application\Res.Application.csproj", "{71A2E48B-3F58-4FCC-B35A-128B7591F957}"
EndProject
Project("{9A19103F-16F7-4668-BE54-9A1E7A4F7556}") = "Res.Console", "Res.Console\Res.Console.csproj", "{9B9317FB-7343-4DFC-816B-BD2043393E4D}"
EndProject
Project("{9A19103F-16F7-4668-BE54-9A1E7A4F7556}") = "Res.Core", "Res.Core\Res.Core.csproj", "{194C27E6-C890-4714-B0F5-A87A2CD826F7}"
EndProject
Project("{9A19103F-16F7-4668-BE54-9A1E7A4F7556}") = "Res.Infrastructure", "Res.Infrastructure\Res.Infrastructure.csproj", "{9634486D-EB92-402A-90A5-10ACB1E60B1A}"
EndProject
Project("{9A19103F-16F7-4668-BE54-9A1E7A4F7556}") = "Res.Domain", "Res.Domain\Res.Domain.csproj", "{18C52D24-FC38-4422-923D-94307B4C8B91}"
EndProject
Project("{9A19103F-16F7-4668-BE54-9A1E7A4F7556}") = "Res.Tests.Data", "Res.Tests.Data\Res.Tests.Data.csproj", "{72572E07-8416-47D3-A589-EA8E3C443152}"
EndProject
Project("{9A19103F-16F7-4668-BE54-9A1E7A4F7556}") = "Res.Api", "Res.Api\Res.Api.csproj", "{13530985-2F38-43A4-839F-EE1BD3A5B3E5}"
EndProject
Project("{2150E333-8FDC-42A3-9474-1A3956D46DE8}") = "Website", "Website", "{20800366-54FC-4083-8A28-963BE43D375C}"
	ProjectSection(SolutionItems) = preProject
		Website\Booking.html = Website\Booking.html
		Website\CheckIn.html = Website\CheckIn.html
		Website\Details.html = Website\Details.html
		Website\Header.html = Website\Header.html
		Website\index.html = Website\index.html
		Website\Order.html = Website\Order.html
		Website\Seats.html = Website\Seats.html
		Website\Status.html = Website\Status.html
		Website\Terminal.html = Website\Terminal.html
	EndProjectSection
EndProject
Project("{FAE04EC0-301F-11D3-BF4B-00C04F79EFBC}") = "Res.Microservices.Fares", "Res.Microservices.Fares\Res.Microservices.Fares.csproj", "{E61A30AA-D1EA-40B1-8A63-3C68EE570C52}"
EndProject
Project("{2150E333-8FDC-42A3-9474-1A3956D46DE8}") = "Microservices", "Microservices", "{3D32CE2D-7506-4568-A775-6FC7DADFF92E}"
EndProject
Project("{2150E333-8FDC-42A3-9474-1A3956D46DE8}") = "Api", "Api", "{32B1A848-2DA1-4435-AB77-529AB48C4087}"
EndProject
Project("{FAE04EC0-301F-11D3-BF4B-00C04F79EFBC}") = "Res.Api.Offer", "Res.Api.Offer\Res.Api.Offer.csproj", "{377365D9-5512-4A01-8FFE-04F3E7371DE2}"
EndProject
Project("{FAE04EC0-301F-11D3-BF4B-00C04F79EFBC}") = "Res.Api.Order", "Res.Api.Order\Res.Api.Order.csproj", "{9985F589-70E7-44DD-AE05-9E6187942A6F}"
EndProject
Project("{FAE04EC0-301F-11D3-BF4B-00C04F79EFBC}") = "Res.Microservices.Inventory", "Res.Microservices.Inventory\Res.Microservices.Inventory.csproj", "{AEA10D78-9192-4926-ACBB-AEBA39ADAE9D}"
EndProject
Project("{FAE04EC0-301F-11D3-BF4B-00C04F79EFBC}") = "Res.Microservices.Reservation", "Res.Microservices.Reservation\Res.Microservices.Reservation.csproj", "{E62760BF-16C2-4A46-986D-2A53FA69D919}"
EndProject
Project("{FAE04EC0-301F-11D3-BF4B-00C04F79EFBC}") = "Res.Api.Command", "Res.Api.Command\Res.Api.Command.csproj", "{5FE65983-9EDD-4279-8D2D-BAA0828B8808}"
EndProject
Global
	GlobalSection(SolutionConfigurationPlatforms) = preSolution
		Debug|Any CPU = Debug|Any CPU
		Release|Any CPU = Release|Any CPU
	EndGlobalSection
	GlobalSection(ProjectConfigurationPlatforms) = postSolution
		{31D6048F-5C69-4B04-86E1-4A51385743A7}.Debug|Any CPU.ActiveCfg = Debug|Any CPU
		{31D6048F-5C69-4B04-86E1-4A51385743A7}.Debug|Any CPU.Build.0 = Debug|Any CPU
		{31D6048F-5C69-4B04-86E1-4A51385743A7}.Release|Any CPU.ActiveCfg = Release|Any CPU
		{31D6048F-5C69-4B04-86E1-4A51385743A7}.Release|Any CPU.Build.0 = Release|Any CPU
		{71A2E48B-3F58-4FCC-B35A-128B7591F957}.Debug|Any CPU.ActiveCfg = Debug|Any CPU
		{71A2E48B-3F58-4FCC-B35A-128B7591F957}.Debug|Any CPU.Build.0 = Debug|Any CPU
		{71A2E48B-3F58-4FCC-B35A-128B7591F957}.Release|Any CPU.ActiveCfg = Release|Any CPU
		{71A2E48B-3F58-4FCC-B35A-128B7591F957}.Release|Any CPU.Build.0 = Release|Any CPU
		{9B9317FB-7343-4DFC-816B-BD2043393E4D}.Debug|Any CPU.ActiveCfg = Debug|Any CPU
		{9B9317FB-7343-4DFC-816B-BD2043393E4D}.Debug|Any CPU.Build.0 = Debug|Any CPU
		{9B9317FB-7343-4DFC-816B-BD2043393E4D}.Release|Any CPU.ActiveCfg = Release|Any CPU
		{9B9317FB-7343-4DFC-816B-BD2043393E4D}.Release|Any CPU.Build.0 = Release|Any CPU
		{194C27E6-C890-4714-B0F5-A87A2CD826F7}.Debug|Any CPU.ActiveCfg = Debug|Any CPU
		{194C27E6-C890-4714-B0F5-A87A2CD826F7}.Debug|Any CPU.Build.0 = Debug|Any CPU
		{194C27E6-C890-4714-B0F5-A87A2CD826F7}.Release|Any CPU.ActiveCfg = Release|Any CPU
		{194C27E6-C890-4714-B0F5-A87A2CD826F7}.Release|Any CPU.Build.0 = Release|Any CPU
		{9634486D-EB92-402A-90A5-10ACB1E60B1A}.Debug|Any CPU.ActiveCfg = Debug|Any CPU
		{9634486D-EB92-402A-90A5-10ACB1E60B1A}.Debug|Any CPU.Build.0 = Debug|Any CPU
		{9634486D-EB92-402A-90A5-10ACB1E60B1A}.Release|Any CPU.ActiveCfg = Release|Any CPU
		{9634486D-EB92-402A-90A5-10ACB1E60B1A}.Release|Any CPU.Build.0 = Release|Any CPU
		{18C52D24-FC38-4422-923D-94307B4C8B91}.Debug|Any CPU.ActiveCfg = Debug|Any CPU
		{18C52D24-FC38-4422-923D-94307B4C8B91}.Debug|Any CPU.Build.0 = Debug|Any CPU
		{18C52D24-FC38-4422-923D-94307B4C8B91}.Release|Any CPU.ActiveCfg = Release|Any CPU
		{18C52D24-FC38-4422-923D-94307B4C8B91}.Release|Any CPU.Build.0 = Release|Any CPU
		{72572E07-8416-47D3-A589-EA8E3C443152}.Debug|Any CPU.ActiveCfg = Debug|Any CPU
		{72572E07-8416-47D3-A589-EA8E3C443152}.Debug|Any CPU.Build.0 = Debug|Any CPU
		{72572E07-8416-47D3-A589-EA8E3C443152}.Release|Any CPU.ActiveCfg = Release|Any CPU
		{72572E07-8416-47D3-A589-EA8E3C443152}.Release|Any CPU.Build.0 = Release|Any CPU
		{13530985-2F38-43A4-839F-EE1BD3A5B3E5}.Debug|Any CPU.ActiveCfg = Debug|Any CPU
		{13530985-2F38-43A4-839F-EE1BD3A5B3E5}.Debug|Any CPU.Build.0 = Debug|Any CPU
		{13530985-2F38-43A4-839F-EE1BD3A5B3E5}.Release|Any CPU.ActiveCfg = Release|Any CPU
		{13530985-2F38-43A4-839F-EE1BD3A5B3E5}.Release|Any CPU.Build.0 = Release|Any CPU
		{E61A30AA-D1EA-40B1-8A63-3C68EE570C52}.Debug|Any CPU.ActiveCfg = Debug|Any CPU
		{E61A30AA-D1EA-40B1-8A63-3C68EE570C52}.Debug|Any CPU.Build.0 = Debug|Any CPU
		{E61A30AA-D1EA-40B1-8A63-3C68EE570C52}.Release|Any CPU.ActiveCfg = Release|Any CPU
		{E61A30AA-D1EA-40B1-8A63-3C68EE570C52}.Release|Any CPU.Build.0 = Release|Any CPU
		{377365D9-5512-4A01-8FFE-04F3E7371DE2}.Debug|Any CPU.ActiveCfg = Debug|Any CPU
		{377365D9-5512-4A01-8FFE-04F3E7371DE2}.Debug|Any CPU.Build.0 = Debug|Any CPU
		{377365D9-5512-4A01-8FFE-04F3E7371DE2}.Release|Any CPU.ActiveCfg = Release|Any CPU
		{377365D9-5512-4A01-8FFE-04F3E7371DE2}.Release|Any CPU.Build.0 = Release|Any CPU
		{9985F589-70E7-44DD-AE05-9E6187942A6F}.Debug|Any CPU.ActiveCfg = Debug|Any CPU
		{9985F589-70E7-44DD-AE05-9E6187942A6F}.Debug|Any CPU.Build.0 = Debug|Any CPU
		{9985F589-70E7-44DD-AE05-9E6187942A6F}.Release|Any CPU.ActiveCfg = Release|Any CPU
		{9985F589-70E7-44DD-AE05-9E6187942A6F}.Release|Any CPU.Build.0 = Release|Any CPU
		{AEA10D78-9192-4926-ACBB-AEBA39ADAE9D}.Debug|Any CPU.ActiveCfg = Debug|Any CPU
		{AEA10D78-9192-4926-ACBB-AEBA39ADAE9D}.Debug|Any CPU.Build.0 = Debug|Any CPU
		{AEA10D78-9192-4926-ACBB-AEBA39ADAE9D}.Release|Any CPU.ActiveCfg = Release|Any CPU
		{AEA10D78-9192-4926-ACBB-AEBA39ADAE9D}.Release|Any CPU.Build.0 = Release|Any CPU
		{E62760BF-16C2-4A46-986D-2A53FA69D919}.Debug|Any CPU.ActiveCfg = Debug|Any CPU
		{E62760BF-16C2-4A46-986D-2A53FA69D919}.Debug|Any CPU.Build.0 = Debug|Any CPU
		{E62760BF-16C2-4A46-986D-2A53FA69D919}.Release|Any CPU.ActiveCfg = Release|Any CPU
		{E62760BF-16C2-4A46-986D-2A53FA69D919}.Release|Any CPU.Build.0 = Release|Any CPU
		{5FE65983-9EDD-4279-8D2D-BAA0828B8808}.Debug|Any CPU.ActiveCfg = Debug|Any CPU
		{5FE65983-9EDD-4279-8D2D-BAA0828B8808}.Debug|Any CPU.Build.0 = Debug|Any CPU
		{5FE65983-9EDD-4279-8D2D-BAA0828B8808}.Release|Any CPU.ActiveCfg = Release|Any CPU
		{5FE65983-9EDD-4279-8D2D-BAA0828B8808}.Release|Any CPU.Build.0 = Release|Any CPU
	EndGlobalSection
	GlobalSection(SolutionProperties) = preSolution
		HideSolutionNode = FALSE
	EndGlobalSection
	GlobalSection(NestedProjects) = preSolution
		{E61A30AA-D1EA-40B1-8A63-3C68EE570C52} = {3D32CE2D-7506-4568-A775-6FC7DADFF92E}
		{377365D9-5512-4A01-8FFE-04F3E7371DE2} = {32B1A848-2DA1-4435-AB77-529AB48C4087}
		{9985F589-70E7-44DD-AE05-9E6187942A6F} = {32B1A848-2DA1-4435-AB77-529AB48C4087}
		{AEA10D78-9192-4926-ACBB-AEBA39ADAE9D} = {3D32CE2D-7506-4568-A775-6FC7DADFF92E}
		{E62760BF-16C2-4A46-986D-2A53FA69D919} = {3D32CE2D-7506-4568-A775-6FC7DADFF92E}
		{5FE65983-9EDD-4279-8D2D-BAA0828B8808} = {32B1A848-2DA1-4435-AB77-529AB48C4087}
	EndGlobalSection
	GlobalSection(ExtensibilityGlobals) = postSolution
		SolutionGuid = {2D143A7A-F3E5-46D3-B7A5-9AAAF4733EA6}
	EndGlobalSection
EndGlobal
